filippo.io/hpke v0.4.0/go.mod h1:EmAN849/P3qdeK+PCMkDpDm83vRHM5cDipBJ8xbQLVY=
github.com/AlekSi/lazyerrors v0.5.0 h1:c4zM7P9S2seDJJ5UcEh9hayVVKGck/i7XE+JE6XXayI=
github.com/AlekSi/lazyerrors v0.5.0/go.mod h1:uipmPehsHYFEViLPI0rSdXu7WvPcbQ2jfhkdik4kKb4=
github.com/AlekSi/pointer v1.2.0 h1:glcy/gc4h8HnG2Z3ZECSzZ1IX1x2JxRVuDzaJwQE0+w=
github.com/AlekSi/pointer v1.2.0/go.mod h1:gZGfd3dpW4vEc/UlyfKKi1roIqcCgwOIvb0tSNSBle0=
github.com/BurntSushi/toml v1.3.2/go.mod h1:CxXYINrC8qIiEnFrOxCa7Jy5BFHlXnUU2pbicEuybxQ=
github.com/CloudyKit/fastprinter v0.0.0-20200109182630-33d98a066a53/go.mod h1:+3IMCy2vIlbG1XG/0ggNQv0SvxCAIpPM5b1nCz56Xno=
github.com/CloudyKit/jet/v6 v6.2.0/go.mod h1:d3ypHeIRNo2+XyqnGA8s+aphtcVpjP5hPwP/Lzo7Ro4=
github.com/FerretDB/wire v0.1.7 h1:yh6tL0rU8ub+KuKqiqTlFJGpdfL4V7kg/8PBPDX0sBE=
github.com/FerretDB/wire v0.1.7/go.mod h1:KjV8URsECCZWwJBBzlTvyl9LEXvnE362tL4tg52VHXI=
github.com/Joker/jade v1.1.3/go.mod h1:T+2WLyt7VH6Lp0TRxQrUYEs64nRc83wkMQrfeIQKduM=
github.com/Masterminds/semver/v3 v3.5.0 h1:kQceYJfbupGfZOKZQg0kou0DgAKhzDg2NZPAwZ/2OOE=
github.com/Masterminds/semver/v3 v3.5.0/go.mod h1:4V+yj/TJE1HU9XfppCwVMZq3I84lprf4nC11bSS5beM=
github.com/Microsoft/go-winio v0.6.2/go.mod h1:yd8OoFMLzJbo9gZq8j5qaps8bJ9aShtEA8Ipt1oGCvU=
github.com/RaveNoX/go-jsoncommentstrip v1.0.0/go.mod h1:78ihd09MekBnJnxpICcwzCMzGrKSKYe4AqU6PDYYpjk=
github.com/Shopify/goreferrer v0.0.0-20220729165902-8cddb4f5de06/go.mod h1:7erjKLwalezA0k99cWs5L11HWOAPNjdUZ6RxH1BXbbM=
github.com/alecthomas/assert/v2 v2.11.0 h1:2Q9r3ki8+JYXvGsDyBXwH3LcJ+WK5D0gc5E8vS6K3D0=
github.com/alecthomas/assert/v2 v2.11.0/go.mod h1:Bze95FyfUr7x34QZrjL+XP+0qgp/zg8yS+TtBj1WA3k=
github.com/alecthomas/kingpin/v2 v2.4.0/go.mod h1:0gyi0zQnjuFk8xrkNKamJoyUo382HRL7ATRpFZCw6tE=
github.com/alecthomas/kong v1.13.0 h1:5e/7XC3ugvhP1DQBmTS+WuHtCbcv44hsohMgcvVxSrA=
github.com/alecthomas/kong v1.13.0/go.mod h1:wrlbXem1CWqUV5Vbmss5ISYhsVPkBb1Yo7YKJghju2I=
github.com/alecthomas/repr v0.5.2 h1:SU73FTI9D1P5UNtvseffFSGmdNci/O6RsqzeXJtP0Qs=
github.com/alecthomas/repr v0.5.2/go.mod h1:Fr0507jx4eOXV7AlPV6AVZLYrLIuIeSOWtW57eE/O/4=
github.com/alecthomas/units v0.0.0-20240927000941-0f3dac36c52b/go.mod h1:fvzegU4vN3H1qMT+8wDmzjAcDONcgo2/SZ/TyfdUOFs=
github.com/andybalholm/brotli v1.2.1 h1:R+f5xP285VArJDRgowrfb9DqL18yVK0gKAW/F+eTWro=
github.com/andybalholm/brotli v1.2.1/go.mod h1:rzTDkvFWvIrjDXZHkuS16NPggd91W3kUSvPlQ1pLaKY=
github.com/apapsch/go-jsonmerge/v2 v2.0.0 h1:axGnT1gRIfimI7gJifB699GoE/oq+F2MU7Dml6nw9rQ=
github.com/apapsch/go-jsonmerge/v2 v2.0.0/go.mod h1:lvDnEdqiQrp0O42VQGgmlKpxL1AP2+08jFMw88y4klk=
github.com/arl/statsviz v0.8.0 h1:O6GjjVxEDxcByAucOSl29HaGYLXsuwA3ujJw8H9E7/U=
github.com/arl/statsviz v0.8.0/go.mod h1:XlrbiT7xYT03xaW9JMMfD8KFUhBOESJwfyNJu83PbB0=
github.com/aymerick/douceur v0.2.0/go.mod h1:wlT5vV2O3h55X9m7iVYN0TBM0NH/MmbLnd30/FjWUq4=
github.com/beorn7/perks v1.0.1 h1:VlbKKnNfV8bJzeqoa4cOKqO6bYr3WgKZxO8Z16+hsOM=
github.com/beorn7/perks v1.0.1/go.mod h1:G2ZrVWU2WbWT9wwq4/hrbKbnv/1ERSJQ0ibhJ6rlkpw=
github.com/bits-and-blooms/bitset v1.24.4/go.mod h1:7hO7Gc7Pp1vODcmWvKMRA9BNmbv6a/7QIWpPxHddWR8=
github.com/bmatcuk/doublestar v1.1.1/go.mod h1:UD6OnuiIn0yFxxA2le/rnRU1G4RaI4UvFv1sNto9p6w=
github.com/btcsuite/btcd/btcutil v1.1.6/go.mod h1:9dFymx8HpuLqBnsPELrImQeTQfKBQqzqGbbV3jK55aE=
github.com/bwesterb/go-ristretto v1.2.3/go.mod h1:fUIoIZaG73pV5biE2Blr2xEzDoMj7NFEuV9ekS419A0=
github.com/bytedance/sonic v1.10.0-rc3/go.mod h1:iZcSUejdk5aukTND/Eu/ivjQuEL0Cu9/rf50Hi0u/g4=
github.com/cenkalti/backoff v2.2.1+incompatible h1:tNowT99t7UNflLxfYYSlKYsBpXdEet03Pg2g16Swow4=
github.com/cenkalti/backoff v2.2.1+incompatible/go.mod h1:90ReRw6GdpyfrHakVjL/QHaoyV4aDUVVkXQJJJ3NXXM=
github.com/cespare/xxhash/v2 v2.3.0 h1:UL815xU9SqsFlibzuggzjXhog7bL6oX9BbNZnL2UFvs=
github.com/cespare/xxhash/v2 v2.3.0/go.mod h1:VGX0DQ3Q6kWi7AoAeZDth3/j3BFtOZR5XLFGgcrjCOs=
github.com/chenzhuoyu/base64x v0.0.0-20230717121745-296ad89f973d/go.mod h1:8EPpVsBuRksnlj1mLy4AWzRNQYxauNi62uWcE3to6eA=
github.com/chenzhuoyu/iasm v0.9.0/go.mod h1:Xjy2NpN3h7aUqeqM+woSuuvxmIe6+DDsiNLIrkAmYog=
github.com/chzyer/readline v1.5.0/go.mod h1:x22KAscuvRqlLoK9CsoYsmxoXZMMFVyOl86cAH8qUic=
github.com/cloudflare/circl v1.6.3 h1:9GPOhQGF9MCYUeXyMYlqTR6a5gTrgR/fBLXvUgtVcg8=
github.com/cloudflare/circl v1.6.3/go.mod h1:2eXP6Qfat4O/Yhh8BznvKnJ+uzEoTQ6jVKJRn81BiS4=
github.com/coder/websocket v1.8.12/go.mod h1:LNVeNrXQZfe5qhS9ALED3uA+l5pPqvwXg3CKoDBB2gs=
github.com/consensys/gnark-crypto v0.20.1/go.mod h1:RBWrSgy+IDbGR69RRV313th3M/aZU1ubk2om+qHuTSc=
github.com/crate-crypto/go-eth-kzg v1.5.0/go.mod h1:J9/u5sWfznSObptgfa92Jq8rTswn6ahQWEuiLHOjCUI=
github.com/davecgh/go-spew v1.1.0/go.mod h1:J7Y8YcW2NihsgmVo/mv3lAwl/skON4iLHjSsI+c5H38=
github.com/davecgh/go-spew v1.1.2-0.20180830191138-d8f796af33cc h1:U9qPSI2PIWSS1VwoXQT9A3Wy9MM3WgvqSxFWenqJduM=
github.com/davecgh/go-spew v1.1.2-0.20180830191138-d8f796af33cc/go.mod h1:J7Y8YcW2NihsgmVo/mv3lAwl/skON4iLHjSsI+c5H38=
github.com/decred/dcrd/dcrec/secp256k1/v4 v4.4.1/go.mod h1:ZXNYxsqcloTdSy/rNShjYzMhyjf0LaoftYK0p+A3h40=
github.com/dlclark/regexp2/v2 v2.2.1 h1:mf4KkFUj0gJuarK8P+LgiS+Lit7m9N1yAwEfPbee7R0=
github.com/dlclark/regexp2/v2 v2.2.1/go.mod h1:avUrQvPaLz2DrFNHJF0taWAFFX2C1GMSSoeiqFjcBmU=
github.com/dop251/goja v0.0.0-20260607120635-348e6bea910d h1:xbM5U2EvWKkHxzEQJ2DEn20FwolWZahuTnVHr6WL3Q4=
github.com/dop251/goja v0.0.0-20260607120635-348e6bea910d/go.mod h1:Sc+QOu1WruvaaeT/cxFez/pXHpI9ZDjg/E8QNfSVveI=
github.com/dop251/goja_nodejs v0.0.0-20211022123610-8dd9abb0616d/go.mod h1:DngW8aVqWbuLRMHItjPUyqdj+HWPvnQe8V8y1nDpIbM=
github.com/ethereum/c-kzg-4844/v2 v2.1.7/go.mod h1:8HMkUZ5JRv4hpw/XUrYWSQNAUzhHMg2UDb/U+5m+XNw=
github.com/ethereum/go-bigmodexpfix v0.0.0-20250911101455-f9e208c548ab/go.mod h1:IuLm4IsPipXKF7CW5Lzf68PIbZ5yl7FFd74l/E0o9A8=
github.com/evanw/esbuild v0.28.1 h1:ds+yuRyUaZGx++GR56CrCeuXh8PVhVM4xq8v7PNELFc=
github.com/evanw/esbuild v0.28.1/go.mod h1:D2vIQZqV/vIf/VRHtViaUtViZmG7o+kKmlBfVQuRi48=
github.com/fasthttp/websocket v1.5.12/go.mod h1:I+liyL7/4moHojiOgUOIKEWm9EIxHqxZChS+aMFltyg=
github.com/fatih/structs v1.1.0/go.mod h1:9NiDSp5zOcgEDl+j00MP/WkGVPOlPRLejGD8Ga6PJ7M=
github.com/flosch/pongo2/v4 v4.0.2/go.mod h1:B5ObFANs/36VwxxlgKpdchIJHMvHB562PW+BWPhwZD8=
github.com/fxamacker/cbor/v2 v2.9.1 h1:2rWm8B193Ll4VdjsJY28jxs70IdDsHRWgQYAI80+rMQ=
github.com/fxamacker/cbor/v2 v2.9.1/go.mod h1:vM4b+DJCtHn+zz7h3FFp/hDAI9WNWCsZj23V5ytsSxQ=
github.com/gabriel-vasile/mimetype v1.4.2/go.mod h1:zApsH/mKG4w07erKIaJPFiX0Tsq9BFQgN3qGY5GnNgA=
github.com/gin-contrib/sse v0.1.0/go.mod h1:RHrZQHXnP2xjPF+u1gW/2HnVO7nvIa9PG3Gm+fLHvGI=
github.com/gin-gonic/gin v1.9.1/go.mod h1:hPrL7YrpYKXt5YId3A/Tnip5kqbEAP+KLuI3SUcPTeU=
github.com/go-logr/logr v1.2.2/go.mod h1:jdQByPbusPIv2/zmleS9BjJVeZ6kBagPoEUsqbVz/1A=
github.com/go-logr/logr v1.4.3 h1:CjnDlHq8ikf6E492q6eKboGOC0T8CDaOvkHCIg8idEI=
github.com/go-logr/logr v1.4.3/go.mod h1:9T104GzyrTigFIr8wt5mBrctHMim0Nb2HLGrmQ40KvY=
github.com/go-logr/stdr v1.2.2 h1:hSWxHoqTgW2S2qGc0LTAI563KZ5YKYRhT3MFKZMbjag=
github.com/go-logr/stdr v1.2.2/go.mod h1:mMo/vtBO5dYbehREoey6XUKy/eSumjCCveDpRre4VKE=
github.com/go-playground/locales v0.14.1/go.mod h1:hxrqLVvrK65+Rwrd5Fc6F2O76J/NuW9t0sjnWqG1slY=
github.com/go-playground/universal-translator v0.18.1/go.mod h1:xekY+UJKNuX9WP91TpwSH2VMlDf28Uj24BCp08ZFTUY=
github.com/go-playground/validator/v10 v10.14.1/go.mod h1:9iXMNT7sEkjXb0I+enO7QXmzG6QCsPWY4zveKFVRSyU=
github.com/go-sourcemap/sourcemap v2.1.3+incompatible h1:W1iEw64niKVGogNgBN3ePyLFfuisuzeidWPMPWmECqU=
github.com/go-sourcemap/sourcemap v2.1.3+incompatible/go.mod h1:F8jJfvm2KbVjc5NqelyYJmf/v5J0dwNLS2mL4sNA1Jg=
github.com/goccy/go-json v0.10.2/go.mod h1:6MelG93GURQebXPDq3khkgXZkazVtN9CRI+MGFi0w8I=
github.com/goccy/go-yaml v1.19.2 h1:PmFC1S6h8ljIz6gMRBopkjP1TVT7xuwrButHID66PoM=
github.com/goccy/go-yaml v1.19.2/go.mod h1:XBurs7gK8ATbW4ZPGKgcbrY1Br56PdM69F7LkFRi1kA=
github.com/gofiber/schema v1.7.1 h1:oSJBKdgP8JeIME4TQSAqlNKTU2iBB+2RNmKi8Nsc+TI=
github.com/gofiber/schema v1.7.1/go.mod h1:A/X5Ffyru4p9eBdp99qu+nzviHzQiZ7odLT+TwxWhbk=
github.com/gofiber/utils/v2 v2.0.4 h1:WwAxUA7L4MW2DjdEHF234lfqvBqd2vYYuBtA9TJq2ec=
github.com/gofiber/utils/v2 v2.0.4/go.mod h1:GGERKU3Vhj5z6hS8YKvxL99A54DjOvTFZ0cjZnG4Lj4=
github.com/golang-jwt/jwt/v5 v5.3.0/go.mod h1:fxCRLWMO43lRc8nhHWY6LGqRcf+1gQWArsqaEUEa5bE=
github.com/golang/protobuf v1.5.0/go.mod h1:FsONVRAS9T7sI+LIUmWTfcYkHO4aIWwzhcaSAoJOfIk=
github.com/golang/snappy v1.0.0/go.mod h1:/XxbfmMg8lxefKM7IXC3fBNl/7bRcc72aCRzEWrmP2Q=
github.com/gomarkdown/markdown v0.0.0-20230922112808-5421fefb8386/go.mod h1:JDGcbDT52eL4fju3sZ4TeHGsQwhG9nbDV21aMyhwPoA=
github.com/google/btree v1.1.3/go.mod h1:qOPhT0dTNdNzV6Z/lhRX0YXUafgPLFUh+gZMl761Gm4=
github.com/google/go-cmp v0.7.0 h1:wk8382ETsv4JYUZwIsn6YpYiWiBsYLSJiTsyBybVuN8=
github.com/google/go-cmp v0.7.0/go.mod h1:pXiqmnSA92OHEEa9HXL2W4E7lf9JzCmGVUdgjX3N/iU=
github.com/google/gofuzz v1.2.0/go.mod h1:dBl0BpW6vV/+mYPU4Po3pmUjxk6FQPldtuIdl/M65Eg=
github.com/google/pprof v0.0.0-20230207041349-798e818bf904 h1:4/hN5RUoecvl+RmJRE2YxKWtnnQls6rQjjW5oV7qg2U=
github.com/google/pprof v0.0.0-20230207041349-798e818bf904/go.mod h1:uglQLonpP8qtYCYyzA+8c/9qtqgA3qsXGYqCPKARAFg=
github.com/google/uuid v1.6.0 h1:NIvaJDMOsjHA8n1jAhLSgzrAzy1Hgr+hNrb57e+94F0=
github.com/google/uuid v1.6.0/go.mod h1:TIyPZe4MgqvfeYDBFedMoGGpEw/LqOeaOT+nhxU+yHo=
github.com/gorilla/css v1.0.0/go.mod h1:Dn721qIggHpt4+EFCcTLTU/vk5ySda2ReITrtgBl60c=
github.com/gorilla/rpc v1.2.1/go.mod h1:uNpOihAlF5xRFLuTYhfR0yfCTm0WTQSQttkMSptRfGk=
github.com/gorilla/websocket v1.5.3 h1:saDtZ6Pbx/0u+bgYQ3q96pZgCzfhKXGPqt7kZ72aNNg=
github.com/gorilla/websocket v1.5.3/go.mod h1:YR8l580nyteQvAITg2hZ9XVh4b55+EU/adAjf1fMHhE=
github.com/grandcat/zeroconf v1.0.0 h1:uHhahLBKqwWBV6WZUDAT71044vwOTL+McW0mBJvo6kE=
github.com/grandcat/zeroconf v1.0.0/go.mod h1:lTKmG1zh86XyCoUeIHSA4FJMBwCJiQmGfcP2PdzytEs=
github.com/hexops/gotextdiff v1.0.3 h1:gitA9+qJrrTCsiCl7+kh75nPqQt1cx4ZkudSTLoUqJM=
github.com/hexops/gotextdiff v1.0.3/go.mod h1:pSWU5MAI3yDq+fZBTazCSJysOMbxWL1BSow5/V2vxeg=
github.com/holiman/uint256 v1.3.2/go.mod h1:EOMSn4q6Nyt9P6efbI3bueV4e1b3dGlUCXeiRV4ng7E=
github.com/ianlancetaylor/demangle v0.0.0-20220319035150-800ac71e25c2/go.mod h1:aYm2/VgdVmcIU8iMfdMvDMsRAQjcfZSKFby6HOFvi/w=
github.com/iris-contrib/schema v0.0.6/go.mod h1:iYszG0IOsuIsfzjymw1kMzTL8YQcCWlm65f3wX8J5iA=
github.com/jackc/pgerrcode v0.0.0-20250907135507-afb5586c32a6 h1:D/V0gu4zQ3cL2WKeVNVM4r2gLxGGf6McLwgXzRTo2RQ=
github.com/jackc/pgerrcode v0.0.0-20250907135507-afb5586c32a6/go.mod h1:a/s9Lp5W7n/DD0VrVoyJ00FbP2ytTPDVOivvn2bMlds=
github.com/jackc/pgpassfile v1.0.0 h1:/6Hmqy13Ss2zCq62VdNG8tM1wchn8zjSGOBJ6icpsIM=
github.com/jackc/pgpassfile v1.0.0/go.mod h1:CEx0iS5ambNFdcRtxPj5JhEz+xB6uRky5eyVu/W2HEg=
github.com/jackc/pgservicefile v0.0.0-20240606120523-5a60cdf6a761 h1:iCEnooe7UlwOQYpKFhBabPMi4aNAfoODPEFNiAnClxo=
github.com/jackc/pgservicefile v0.0.0-20240606120523-5a60cdf6a761/go.mod h1:5TJZWKEWniPve33vlWYSoGYefn3gLQRzjfDlhSJ9ZKM=
github.com/jackc/pgx/v5 v5.8.0 h1:TYPDoleBBme0xGSAX3/+NujXXtpZn9HBONkQC7IEZSo=
github.com/jackc/pgx/v5 v5.8.0/go.mod h1:QVeDInX2m9VyzvNeiCJVjCkNFqzsNb43204HshNSZKw=
github.com/jackc/puddle/v2 v2.2.2 h1:PR8nw+E/1w0GLuRFSmiioY6UooMp6KJv0/61nB7icHo=
github.com/jackc/puddle/v2 v2.2.2/go.mod h1:vriiEXHvEE654aYKXXjOvZM39qJ0q+azkZFrfEOc3H4=
github.com/jedisct1/go-minisign v0.0.0-20241212093149-d2f9f49435c7/go.mod h1:BMxO138bOokdgt4UaxZiEfypcSHX0t6SIFimVP1oRfk=
github.com/josharian/intern v1.0.0/go.mod h1:5DoeVV0s6jJacbCEi61lwdGj/aVlrQvzHFFd8Hwg//Y=
github.com/jpillora/backoff v1.0.0/go.mod h1:J/6gKK9jxlEcS3zixgDgUAsiuZ7yrSoa/FX5e0EB2j4=
github.com/json-iterator/go v1.1.12/go.mod h1:e30LSqwooZae/UwlEbR2852Gd8hjQvJoHmT4TnhNGBo=
github.com/juju/gnuflag v0.0.0-20171113085948-2ce1bb71843d/go.mod h1:2PavIy+JPciBPrBUjwbNvtwB6RQlve+hkpll6QSNmOE=
github.com/julienschmidt/httprouter v1.3.0/go.mod h1:JR6WtHb+2LUe8TCKY3cZOxFyyO8IZAc4RVcycCCAKdM=
github.com/kataras/blocks v0.0.7/go.mod h1:UJIU97CluDo0f+zEjbnbkeMRlvYORtmc1304EeyXf4I=
github.com/kataras/golog v0.1.9/go.mod h1:jlpk/bOaYCyqDqH18pgDHdaJab72yBE6i0O3s30hpWY=
github.com/kataras/iris/v12 v12.2.6-0.20230908161203-24ba4e8933b9/go.mod h1:ldkoR3iXABBeqlTibQ3MYaviA1oSlPvim6f55biwBh4=
github.com/kataras/pio v0.0.12/go.mod h1:ODK/8XBhhQ5WqrAhKy+9lTPS7sBf6O3KcLhc9klfRcY=
github.com/kataras/sitemap v0.0.6/go.mod h1:dW4dOCNs896OR1HmG+dMLdT7JjDk7mYBzoIRwuj5jA4=
github.com/kataras/tunnel v0.0.4/go.mod h1:9FkU4LaeifdMWqZu7o20ojmW4B7hdhv2CMLwfnHGpYw=
github.com/klauspost/compress v1.18.6 h1:2jupLlAwFm95+YDR+NwD2MEfFO9d4z4Prjl1XXDjuao=
github.com/klauspost/compress v1.18.6/go.mod h1:cwPg85FWrGar70rWktvGQj8/hthj3wpl0PGDogxkrSQ=
github.com/klauspost/cpuid/v2 v2.3.0/go.mod h1:hqwkgyIinND0mEev00jJYCxPNVRVXFQeu1XKlok6oO0=
github.com/kr/pretty v0.3.1 h1:flRD4NNwYAUpkphVc1HcthR4KEIFJ65n8Mw5qdRn3LE=
github.com/kr/pretty v0.3.1/go.mod h1:hoEshYVHaxMs3cyo3Yncou5ZscifuDolrwPKZanG3xk=
github.com/kr/text v0.2.0 h1:5Nx0Ya0ZqY2ygV366QzturHI13Jq95ApcVaJBhpS+AY=
github.com/kr/text v0.2.0/go.mod h1:eLer722TekiGuMkidMxC/pM04lWEeraHUUmBw8l2grE=
github.com/kylelemons/godebug v1.1.0 h1:RPNrshWIDI6G2gRW9EHilWtl7Z6Sb1BR0xunSBf0SNc=
github.com/kylelemons/godebug v1.1.0/go.mod h1:9/0rRGxNHcop5bhtWyNeEfOS8JIWk580+fNqagV/RAw=
github.com/labstack/echo/v4 v4.11.4/go.mod h1:noh7EvLwqDsmh/X/HWKPUl1AjzJrhyptRyEbQJfxen8=
github.com/labstack/gommon v0.4.2/go.mod h1:QlUFxVM+SNXhDL/Z7YhocGIBYOiwB0mXm1+1bAPHPyU=
github.com/leodido/go-urn v1.2.4/go.mod h1:7ZrI8mTSeBSHl/UaRyKQW1qZeMgak41ANeCNaVckg+4=
github.com/luxfi/accel v1.2.4 h1:5VbIHyEvvfobn2zBiTFODxDw1CeqxCepZOLlvkuf9yQ=
github.com/luxfi/accel v1.2.4/go.mod h1:ISIwAX+ZfsL/S5nsP2JvfldXN6Nc+QzoWf6Jtaq+xsQ=
github.com/luxfi/age v1.6.0/go.mod h1:7cu9CIyikgyAvr5MlXFapEDQ15yBaHOSdKkK5lG04WE=
github.com/luxfi/atomic v1.0.0/go.mod h1:0G2mTlQ6TXWHICUHrUUPu1/qAiIyR4gSZ2tva9ci/bI=
github.com/luxfi/cache v1.3.1/go.mod h1:2MokdbeNUy/9O3mdREWkE6BiN7tRvePkXiKkcb+4M7g=
github.com/luxfi/codec v1.2.1/go.mod h1:xjWOTEbw9gxY/N8nZwQPvRCfPnK/ugJHBWsb3BZ0HHs=
github.com/luxfi/compress v0.1.1/go.mod h1:d4CkRRmwPzafIp57Jxra3RmAmNwNwU8Oc0QBBRlTqGo=
github.com/luxfi/concurrent v0.1.1/go.mod h1:GlkfiJtPBpatNxvROf7hkPi4gsnmdHGmqhDnVWFrkZE=
github.com/luxfi/consensus v1.36.2/go.mod h1:JJ7TxUmFCuH4/dJUmj9gDAKT2cJGL1v5g2pGyNPNJhU=
github.com/luxfi/constants v1.6.2/go.mod h1:r0oH8C/+r/XFYBq1AJxt6zWRKKRKgDzrEMop/CCs9rI=
github.com/luxfi/container v0.2.1/go.mod h1:B+uM0wP0lGvt/SSK7QOEn/qBcsHzILVHlKikdCyzSgM=
github.com/luxfi/crypto v1.20.2 h1:L81WEsU/hs2A76F5PWBusG0yU74QqkDdUqqgexWUxh4=
github.com/luxfi/crypto v1.20.2/go.mod h1:qYHOM0lO4PRh7LEaObxFQUIMjmT1/paVm/WgZkobT1k=
github.com/luxfi/crypto/ipa v1.2.4/go.mod h1:43J6f6rcfUMrZt4cQectMOZb6Ps+fAEj8ZTPC3Kk+gE=
github.com/luxfi/database v1.21.1/go.mod h1:Gc7Z2OPrrcYLnAL8B1trOnguXauOlSDV5tkviLN6Xec=
github.com/luxfi/geth v1.20.1/go.mod h1:GV5bIMEgWviRN+jPXERyVpI16H3iHqPcdIokDoZdrvU=
github.com/luxfi/ids v1.3.2/go.mod h1:+5l8cYMbKpORJbQ2r98CYJo9TQATgUdnmzpYFZWMwwc=
github.com/luxfi/log v1.4.3 h1:xkUKRWvQ4ZwvlUC2e0/RTtHYZOYSMvSQ9W9lbjwBmiI=
github.com/luxfi/log v1.4.3/go.mod h1:myIkufyiQomSQH34K981kbz6cG4WUoerRUh7F4XhlQI=
github.com/luxfi/math v1.5.1/go.mod h1:3j9R24hVfPhrbvs45YSJP7jAyVNfwx/cj/+lAO8IGro=
github.com/luxfi/math/big v0.1.0/go.mod h1:BuxSu22RbO93xBLk5Eam5nldFponoJ73xDFz4uJ3Huk=
github.com/luxfi/mdns v0.1.1 h1:g2eRr9AXcziPkkcd24M+Qu9ApEpoKKjfI79QSNqv0rQ=
github.com/luxfi/mdns v0.1.1/go.mod h1:dbp5f3h3aE7CGzwbaWzBM9cwdcekhmSrWhQevgYhhNA=
github.com/luxfi/metric v1.8.1/go.mod h1:R1OPAIeW4UBW3osK7j2r3/XPmczfNRFTXg4bnlemTuE=
github.com/luxfi/mock v0.1.1/go.mod h1:jo35akl3Vtd8LbzDts8VJ0jmSVycrd1/eBi6g6t5hKU=
github.com/luxfi/p2p v1.22.1/go.mod h1:FHOSavVcq8JS1ZQtfddd9Jj1gaPstz1cjvNgczAQRyg=
github.com/luxfi/pq v1.0.3 h1:ksw1dmfTR0dqqNMRS7BjGcprCO2Fhc+3Iiq2/NMuONw=
github.com/luxfi/pq v1.0.3/go.mod h1:8bppZcRElfrVt0n3nYCZW3iX1TvhvzNbdjNdK1irgIE=
github.com/luxfi/precompile v0.19.3/go.mod h1:c+dh+FWfpKr3FNfI4LhIdnn0naQmmS5Yz0KKTt4LknY=
github.com/luxfi/runtime v1.3.1/go.mod h1:Tct998uUcmCQbUC1WLEeGLDH2IaVgMb+SkKcHKZpHV0=
github.com/luxfi/sampler v1.1.0/go.mod h1:kJa53S3tC9+VSbuV3RFu68MmbCCBlr2UM39LOClQ/Hs=
github.com/luxfi/trace v1.4.0 h1:piFa/wHwIPGvr/C8jjHRlTwC2Z5qTa6lMRJo0ZT5ulg=
github.com/luxfi/trace v1.4.0/go.mod h1:P+BnVAYwJDAxwm4zaFfhAIf3SpH8C8AH4bffc+RM9do=
github.com/luxfi/utils v1.3.1/go.mod h1:ROZrzpt6Kx8ttS1mo12oqsOzRB088GQ1h9jXEoDDpNA=
github.com/luxfi/validators v1.3.1/go.mod h1:sIQyUZOvXoJ/9/RCOhHSzjumZIoxiqacNOn5mQWVozU=
github.com/luxfi/version v1.0.1/go.mod h1:Y5fPkQ2DB0XRBCxgSPXp4ISzL1/jptKnmFknShRJCyg=
github.com/luxfi/vm v1.3.1/go.mod h1:6YR/uFV2FoofmogQShv+HM7V8alz5rbrQYjp5w0bNVA=
github.com/luxfi/warp v1.24.1/go.mod h1:kRGQDt6EB3oRLYo71aXqnmJuCBVfND3oQ5/2miaLoyg=
github.com/luxfi/zap v1.2.6 h1:NBpbm9Gib41Oi/XAkAZKQ3hb+xCafo7JsrUjw+bKiAc=
github.com/luxfi/zap v1.2.6/go.mod h1:sTAe/AMMamoE85cVoe81+NbqHJkgvqS0LhY9ByHEmr0=
github.com/mailgun/raymond/v2 v2.0.48/go.mod h1:lsgvL50kgt1ylcFJYZiULi5fjPBkkhNfj4KA0W54Z18=
github.com/mailru/easyjson v0.7.7/go.mod h1:xzfreul335JAWq5oZzymOObrkdz5UnU4kGfJJLY9Nlc=
github.com/mattn/go-colorable v0.1.14 h1:9A9LHSqF/7dyVVX6g0U9cwm9pG3kP9gSzcuIPHPsaIE=
github.com/mattn/go-colorable v0.1.14/go.mod h1:6LmQG8QLFO4G5z1gPvYEzlUgJ2wF+stgPZH1UqBm1s8=
github.com/mattn/go-isatty v0.0.21 h1:xYae+lCNBP7QuW4PUnNG61ffM4hVIfm+zUzDuSzYLGs=
github.com/mattn/go-isatty v0.0.21/go.mod h1:ZXfXG4SQHsB/w3ZeOYbR0PrPwLy+n6xiMrJlRFqopa4=
github.com/microcosm-cc/bluemonday v1.0.25/go.mod h1:ZIOjCQp1OrzBBPIJmfX4qDYFuhU02nx4bn030ixfHLE=
github.com/miekg/dns v1.1.27/go.mod h1:KNUDUusw/aVsxyTYZM1oqvCicbwhgbNgztCETuNZ7xM=
github.com/miekg/dns v1.1.72 h1:vhmr+TF2A3tuoGNkLDFK9zi36F2LS+hKTRW0Uf8kbzI=
github.com/miekg/dns v1.1.72/go.mod h1:+EuEPhdHOsfk6Wk5TT2CzssZdqkmFhf8r+aVyDEToIs=
github.com/modelcontextprotocol/go-sdk v0.2.0 h1:PESNYOmyM1c369tRkzXLY5hHrazj8x9CY1Xu0fLCryM=
github.com/modelcontextprotocol/go-sdk v0.2.0/go.mod h1:0sL9zUKKs2FTTkeCCVnKqbLJTw5TScefPAzojjU459E=
github.com/modern-go/concurrent v0.0.0-20180306012644-bacd9c7ef1dd/go.mod h1:6dJC0mAP4ikYIbvyc7fijjWJddQyLn8Ig3JB5CqoB9Q=
github.com/modern-go/reflect2 v1.0.2/go.mod h1:yWuevngMOJpCy52FWWMvUC8ws7m/LJsjYzDa0/r8luk=
github.com/montanaflynn/stats v0.7.1/go.mod h1:etXPPgVO6n31NxCd9KQUMvCM+ve0ruNzt6R8Bnaayow=
github.com/mr-tron/base58 v1.2.0/go.mod h1:BinMc/sQntlIE1frQmRFPUoPA1Zkr8VRgBdjWI2mNwc=
github.com/munnerz/goautoneg v0.0.0-20191010083416-a7dc8b61c822 h1:C3w9PqII01/Oq1c1nUAm88MOHcQC9l5mIlSMApZMrHA=
github.com/munnerz/goautoneg v0.0.0-20191010083416-a7dc8b61c822/go.mod h1:+n7T8mK8HuQTcFwEeznm/DIxMOiR9yIdICNftLE1DvQ=
github.com/mwitkow/go-conntrack v0.0.0-20190716064945-2f068394615f/go.mod h1:qRWi+5nqEBWmkhHvq77mSJWrCKwh8bxhgT7d/eI7P4U=
github.com/oapi-codegen/runtime v1.1.2 h1:P2+CubHq8fO4Q6fV1tqDBZHCwpVpvPg7oKiYzQgXIyI=
github.com/oapi-codegen/runtime v1.1.2/go.mod h1:SK9X900oXmPWilYR5/WKPzt3Kqxn/uS/+lbpREv+eCg=
github.com/pelletier/go-toml/v2 v2.0.9/go.mod h1:tJU2Z3ZkXwnxa4DPO899bsyIoywizdUvyaeZurnPPDc=
github.com/philhofer/fwd v1.2.0 h1:e6DnBTl7vGY+Gz322/ASL4Gyp1FspeMvx1RNDoToZuM=
github.com/philhofer/fwd v1.2.0/go.mod h1:RqIHx9QI14HlwKwm98g9Re5prTQ6LdeRQn+gXJFxsJM=
github.com/pkg/errors v0.9.1 h1:FEBLx1zS214owpjy7qsBeixbURkuhQAwrK5UwLGTwt4=
github.com/pkg/errors v0.9.1/go.mod h1:bwawxfHBFNV+L2hUp1rHADufV3IMtnDRdf1r5NINEl0=
github.com/pmezard/go-difflib v1.0.0/go.mod h1:iKH77koFhYxTK1pcRnkKkqfTogsbg7gZNVY4sRDYZ/4=
github.com/pmezard/go-difflib v1.0.1-0.20181226105442-5d4384ee4fb2 h1:Jamvg5psRIccs7FGNTlIRMkT8wgtp5eCXdBlqhYGL6U=
github.com/pmezard/go-difflib v1.0.1-0.20181226105442-5d4384ee4fb2/go.mod h1:iKH77koFhYxTK1pcRnkKkqfTogsbg7gZNVY4sRDYZ/4=
github.com/prometheus/client_golang v1.23.2 h1:Je96obch5RDVy3FDMndoUsjAhG5Edi49h0RJWRi/o0o=
github.com/prometheus/client_golang v1.23.2/go.mod h1:Tb1a6LWHB3/SPIzCoaDXI4I8UHKeFTEQ1YCr+0Gyqmg=
github.com/prometheus/client_model v0.6.2 h1:oBsgwpGs7iVziMvrGhE53c/GrLUsZdHnqNwqPLxwZyk=
github.com/prometheus/client_model v0.6.2/go.mod h1:y3m2F6Gdpfy6Ut/GBsUqTWZqCUvMVzSfMLjcu6wAwpE=
github.com/prometheus/common v0.67.5 h1:pIgK94WWlQt1WLwAC5j2ynLaBRDiinoAb86HZHTUGI4=
github.com/prometheus/common v0.67.5/go.mod h1:SjE/0MzDEEAyrdr5Gqc6G+sXI67maCxzaT3A2+HqjUw=
github.com/prometheus/procfs v0.16.1 h1:hZ15bTNuirocR6u0JZ6BAHHmwS1p8B4P6MRqxtzMyRg=
github.com/prometheus/procfs v0.16.1/go.mod h1:teAbpZRB1iIAJYREa1LsoWUXykVXA1KlTmWl8x/U+Is=
github.com/quic-go/quic-go v0.59.1 h1:0Gmua0HW1Tv7ANR7hUYwRyD0MG5OJfgvYSZasGZzBic=
github.com/quic-go/quic-go v0.59.1/go.mod h1:upnsH4Ju1YkqpLXC305eW3yDZ4NfnNbmQRCMWS58IKU=
github.com/rogpeppe/go-internal v1.14.1 h1:UQB4HGPB6osV0SQTLymcB4TgvyWu6ZyliaW0tI/otEQ=
github.com/rogpeppe/go-internal v1.14.1/go.mod h1:MaRKkUm5W0goXpeCfT7UZI6fk/L7L7so1lCWt35ZSgc=
github.com/russross/blackfriday/v2 v2.1.0/go.mod h1:+Rmxgy9KzJVeS9/2gXHxylqXiyQDYRxCVz55jmeOWTM=
github.com/savsgio/gotils v0.0.0-20240704082632-aef3928b8a38/go.mod h1:sM7Mt7uEoCeFSCBM+qBrqvEo+/9vdmj19wzp3yzUhmg=
github.com/schollz/closestmatch v2.1.0+incompatible/go.mod h1:RtP1ddjLong6gTkbtmuhtR2uUrrJOpYzYRvbcPAid+g=
github.com/shamaton/msgpack/v3 v3.1.0 h1:jsk0vEAqVvvS9+fTZ5/EcQ9tz860c9pWxJ4Iwecz8gU=
github.com/shamaton/msgpack/v3 v3.1.0/go.mod h1:DcQG8jrdrQCIxr3HlMYkiXdMhK+KfN2CitkyzsQV4uc=
github.com/sirupsen/logrus v1.8.1/go.mod h1:yWOB1SBYBC5VeMP7gHvWumXLIWorT60ONWic61uBYv0=
github.com/spkg/bom v0.0.0-20160624110644-59b7046e48ad/go.mod h1:qLr4V1qq6nMqFKkMo8ZTx3f+BZEkzsRUY10Xsm2mwU0=
github.com/stretchr/objx v0.1.0/go.mod h1:HFkY916IF+rwdDfMAkV7OtwuqBVzrE8GR6GFx+wExME=
github.com/stretchr/objx v0.5.2/go.mod h1:FRsXN1f5AsAjCGJKqEizvkpNtU+EGNCLh3NxZ/8L+MA=
github.com/stretchr/testify v1.3.0/go.mod h1:M5WIy9Dh21IEIfnGCwXGc5bZfKNJtfHm1UVUgZn+9EI=
github.com/stretchr/testify v1.7.0/go.mod h1:6Fq8oRcR53rry900zMqJjRRixrwX3KX962/h/Wwjteg=
github.com/stretchr/testify v1.11.1 h1:7s2iGBzp5EwR7/aIZr8ao5+dra3wiQyKjjFuvgVKu7U=
github.com/stretchr/testify v1.11.1/go.mod h1:wZwfW3scLgRK+23gO65QZefKpKQRnfz6sD981Nm4B6U=
github.com/supranational/blst v0.3.16/go.mod h1:jZJtfjgudtNl4en1tzwPIV3KjUnQUvG3/j+w+fVonLw=
github.com/tdewolff/minify/v2 v2.12.9/go.mod h1:qOqdlDfL+7v0/fyymB+OP497nIxJYSvX4MQWA8OoiXU=
github.com/tdewolff/parse/v2 v2.6.8/go.mod h1:XHDhaU6IBgsryfdnpzUXBlT6leW/l25yrFBTEb4eIyM=
github.com/tinylib/msgp v1.6.4 h1:mOwYbyYDLPj35mkA2BjjYejgJk9BuHxDdvRnb6v2ZcQ=
github.com/tinylib/msgp v1.6.4/go.mod h1:RSp0LW9oSxFut3KzESt5Voq4GVWyS+PSulT77roAqEA=
github.com/twitchyliquid64/golang-asm v0.15.1/go.mod h1:a1lVb/DtPvCB8fslRZhAngC2+aY1QWCk3Cedj/Gdt08=
github.com/ugorji/go/codec v1.2.11/go.mod h1:UNopzCgEMSXjBc6AOMqYvWC1ktqTAfzJZUZgYf6w6lg=
github.com/valyala/bytebufferpool v1.0.0 h1:GqA5TC/0021Y/b9FG4Oi9Mr3q7XYx6KllzawFIhcdPw=
github.com/valyala/bytebufferpool v1.0.0/go.mod h1:6bBcMArwyJ5K/AmCkWv1jt77kVWyCJ6HpOuEn7z0Csc=
github.com/valyala/fasthttp v1.70.0 h1:LAhMGcWk13QZWm85+eg8ZBNbrq5mnkWFGbHMUJHIdXA=
github.com/valyala/fasthttp v1.70.0/go.mod h1:oDZEHHkJ/Buyklg6uURmYs19442zFSnCIfX3j1FY3pE=
github.com/valyala/fasttemplate v1.2.2/go.mod h1:KHLXt3tVN2HBp8eijSv/kGJopbvo7S+qRAEEKiv+SiQ=
github.com/vmihailenco/msgpack/v5 v5.3.5/go.mod h1:7xyJ9e+0+9SaZT0Wt1RGleJXzli6Q/V5KbhBonMG9jc=
github.com/vmihailenco/tagparser/v2 v2.0.0/go.mod h1:Wri+At7QHww0WTrCBeu4J6bNtoV6mEfg5OIWRZA9qds=
github.com/x448/float16 v0.8.4 h1:qLwI1I70+NjRFUR3zs1JPUCgaCXSh3SW62uAKT1mSBM=
github.com/x448/float16 v0.8.4/go.mod h1:14CWIYCyZA/cWjXOioeEpHeN/83MdbZDRQHoFcYsOfg=
github.com/xdg-go/pbkdf2 v1.0.0 h1:Su7DPu48wXMwC3bs7MCNG+z4FhcyEuz5dlvchbq0B0c=
github.com/xdg-go/pbkdf2 v1.0.0/go.mod h1:jrpuAogTd400dnrH08LKmI/xc1MbPOebTwRqcT5RDeI=
github.com/xdg-go/scram v1.2.0 h1:bYKF2AEwG5rqd1BumT4gAnvwU/M9nBp2pTSxeZw7Wvs=
github.com/xdg-go/scram v1.2.0/go.mod h1:3dlrS0iBaWKYVt2ZfA4cj48umJZ+cAEbR6/SjLA88I8=
github.com/xdg-go/stringprep v1.0.4 h1:XLI/Ng3O1Atzq0oBs3TWm+5ZVgkq2aqdlvP9JtoZ6c8=
github.com/xdg-go/stringprep v1.0.4/go.mod h1:mPGuuIYwz7CmR2bT9j4GbQqutWS1zV24gijq1dTyGkM=
github.com/xhit/go-str2duration/v2 v2.1.0/go.mod h1:ohY8p+0f07DiV6Em5LKB0s2YpLtXVyJfNt1+BlmyAsU=
github.com/xyproto/randomstring v1.0.5 h1:YtlWPoRdgMu3NZtP45drfy1GKoojuR7hmRcnhZqKjWU=
github.com/xyproto/randomstring v1.0.5/go.mod h1:rgmS5DeNXLivK7YprL0pY+lTuhNQW3iGxZ18UQApw/E=
github.com/yosida95/uritemplate/v3 v3.0.2 h1:Ed3Oyj9yrmi9087+NczuL5BwkIc4wvTb5zIM+UJPGz4=
github.com/yosida95/uritemplate/v3 v3.0.2/go.mod h1:ILOh0sOhIJR3+L/8afwt/kE++YT040gmv5BQTMR2HP4=
github.com/yosssi/ace v0.0.5/go.mod h1:ALfIzm2vT7t5ZE7uoIZqF3TQ7SAOyupFZnkrF5id+K0=
github.com/youmark/pkcs8 v0.0.0-20240726163527-a2c0da244d78 h1:ilQV1hzziu+LLM3zUTJ0trRztfwgjqKnBWNtSRkbmwM=
github.com/youmark/pkcs8 v0.0.0-20240726163527-a2c0da244d78/go.mod h1:aL8wCCfTfSfmXjznFBSZNN13rSJjlIOI1fUNAtF7rmI=
github.com/yuin/goldmark v1.4.13/go.mod h1:6yULJ656Px+3vBD8DxQVa3kxgyrAnzto9xy5taEt/CY=
github.com/zap-proto/fiber/v3 v3.2.1 h1:k45oKyTwySPtGt8sPz2Ao8OUHc7pDEhai8Np2Ym6Jbg=
github.com/zap-proto/fiber/v3 v3.2.1/go.mod h1:eDm2z+ufJrkuE4MeX0Mea4oc/p7/HpXiZjVB+BXCKOA=
github.com/zap-proto/go v1.3.0 h1:S3rMoawwhH/BbSZ4G8zG05hJoQnMSMDPzIq75diCTqE=
github.com/zap-proto/go v1.3.0/go.mod h1:914SNGTH6Rv3Yu1MweWJBPEN8FZlo5C39QyhaB0C7Q0=
github.com/zap-proto/http v0.3.1 h1:A2rCPWYCX866eAsdiWuns0dvWnBmViZtGm4pwX7jwlY=
github.com/zap-proto/http v0.3.1/go.mod h1:UYfGhDDCetgxs65XSev8Lpf65COg5vKQK+cWwZGh4zQ=
github.com/zap-proto/zip v1.17.2 h1:YD6MF49D63z8VIYThQ4iG0RWG6Cdh3vX0vvXKz5DXPw=
github.com/zap-proto/zip v1.17.2/go.mod h1:EKMmUX9wCPvpkhpMBQRqa17YVXNXRYEjj7X+65Y+J9E=
github.com/zap-proto/zip v1.18.1 h1:DWsp9UtPwfijiRtEut7G8grex3Qprm/1c2G5TYWSpFc=
github.com/zap-proto/zip v1.18.1/go.mod h1:EKMmUX9wCPvpkhpMBQRqa17YVXNXRYEjj7X+65Y+J9E=
github.com/zap-proto/zip v1.18.22 h1:lTQeI1+uIiZpCCWkV2N3ti6mPTfO1CI2oTj2b4DFLtk=
github.com/zap-proto/zip v1.18.22/go.mod h1:EKMmUX9wCPvpkhpMBQRqa17YVXNXRYEjj7X+65Y+J9E=
github.com/zap-proto/zip v1.23.0 h1:R2uZV7SJouchj0BtSYk1Z6nTh3tSGaKGwV/XjuZqaSU=
github.com/zap-proto/zip v1.23.0/go.mod h1:EKMmUX9wCPvpkhpMBQRqa17YVXNXRYEjj7X+65Y+J9E=
github.com/zeebo/assert v1.3.0/go.mod h1:Pq9JiuJQpG8JLJdtkwrJESF0Foym2/D9XMU5ciN/wJ0=
github.com/zeebo/blake3 v0.2.4/go.mod h1:7eeQ6d2iXWRGF6npfaxl2CU+xy2Fjo2gxeyZGCRUjcE=
go.mongodb.org/mongo-driver v1.17.4 h1:jUorfmVzljjr0FLzYQsGP8cgN/qzzxlY9Vh0C9KFXVw=
go.mongodb.org/mongo-driver v1.17.4/go.mod h1:Hy04i7O2kC4RS06ZrhPRqj/u4DTYkFDAAccj+rVKqgQ=
go.mongodb.org/mongo-driver/v2 v2.5.0 h1:yXUhImUjjAInNcpTcAlPHiT7bIXhshCTL3jVBkF3xaE=
go.mongodb.org/mongo-driver/v2 v2.5.0/go.mod h1:yOI9kBsufol30iFsl1slpdq1I0eHPzybRWdyYUs8K/0=
go.opentelemetry.io/auto/sdk v1.2.1 h1:jXsnJ4Lmnqd11kwkBV2LgLoFMZKizbCi5fNZ/ipaZ64=
go.opentelemetry.io/auto/sdk v1.2.1/go.mod h1:KRTj+aOaElaLi+wW1kO/DZRXwkF4C5xPbEe3ZiIhN7Y=
go.opentelemetry.io/otel v1.43.0 h1:mYIM03dnh5zfN7HautFE4ieIig9amkNANT+xcVxAj9I=
go.opentelemetry.io/otel v1.43.0/go.mod h1:JuG+u74mvjvcm8vj8pI5XiHy1zDeoCS2LB1spIq7Ay0=
go.opentelemetry.io/otel/metric v1.43.0 h1:d7638QeInOnuwOONPp4JAOGfbCEpYb+K6DVWvdxGzgM=
go.opentelemetry.io/otel/metric v1.43.0/go.mod h1:RDnPtIxvqlgO8GRW18W6Z/4P462ldprJtfxHxyKd2PY=
go.opentelemetry.io/otel/sdk v1.42.0 h1:LyC8+jqk6UJwdrI/8VydAq/hvkFKNHZVIWuslJXYsDo=
go.opentelemetry.io/otel/sdk v1.42.0/go.mod h1:rGHCAxd9DAph0joO4W6OPwxjNTYWghRWmkHuGbayMts=
go.opentelemetry.io/otel/sdk/metric v1.42.0 h1:D/1QR46Clz6ajyZ3G8SgNlTJKBdGp84q9RKCAZ3YGuA=
go.opentelemetry.io/otel/sdk/metric v1.42.0/go.mod h1:Ua6AAlDKdZ7tdvaQKfSmnFTdHx37+J4ba8MwVCYM5hc=
go.opentelemetry.io/otel/trace v1.43.0 h1:BkNrHpup+4k4w+ZZ86CZoHHEkohws8AY+WTX09nk+3A=
go.opentelemetry.io/otel/trace v1.43.0/go.mod h1:/QJhyVBUUswCphDVxq+8mld+AvhXZLhe+8WVFxiFff0=
go.uber.org/goleak v1.3.0 h1:2K3zAYmnTNqV73imy9J1T3WC+gmCePx2hEGkimedGto=
go.uber.org/goleak v1.3.0/go.mod h1:CoHD4mav9JJNrW/WLlf7HGZPjdw8EucARQHekz1X6bE=
go.uber.org/mock v0.6.0/go.mod h1:KiVJ4BqZJaMj4svdfmHM0AUx4NJYO8ZNpPnZn1Z+BBU=
go.yaml.in/yaml/v2 v2.4.3 h1:6gvOSjQoTB3vt1l+CU+tSyi/HOjfOjRLJ4YwYZGwRO0=
go.yaml.in/yaml/v2 v2.4.3/go.mod h1:zSxWcmIDjOzPXpjlTTbAsKokqkDNAVtZO0WOMiT90s8=
golang.org/x/arch v0.4.0/go.mod h1:5om86z9Hs0C8fWVUuoMHwpExlXzs5Tkyp9hOrfG7pp8=
golang.org/x/crypto v0.0.0-20190308221718-c2843e01d9a2/go.mod h1:djNgcEr1/C05ACkg1iLfiJU5Ep61QUkGW8qpdssI0+w=
golang.org/x/crypto v0.0.0-20191011191535-87dc89f01550/go.mod h1:yigFU9vqHzYiE8UmvKecakEJjdnWj3jj499lnFckfCI=
golang.org/x/crypto v0.0.0-20210921155107-089bfa567519/go.mod h1:GvvjBRRGRdwPK5ydBHafDWAxML/pGHZbMvKqRZ5+Abc=
golang.org/x/crypto v0.52.0 h1:RMs7fP2rXdep0CftQlK8Uf+kibLm7qkCcradZWYz988=
golang.org/x/crypto v0.52.0/go.mod h1:1QgfPxDqh0T2M/elOJtp9RvuR95kVjir0e6/BvEmGbc=
golang.org/x/crypto/x509roots/fallback v0.0.0-20260113154411-7d0074ccc6f1 h1:EBHQuS9qI8xJ96+YRgVV2ahFLUYbWpt1rf3wPfXN2wQ=
golang.org/x/crypto/x509roots/fallback v0.0.0-20260113154411-7d0074ccc6f1/go.mod h1:MEIPiCnxvQEjA4astfaKItNwEVZA5Ki+3+nyGbJ5N18=
golang.org/x/exp v0.0.0-20260312153236-7ab1446f8b90/go.mod h1:xE1HEv6b+1SCZ5/uscMRjUBKtIxworgEcEi+/n9NQDQ=
golang.org/x/mod v0.1.1-0.20191105210325-c90efee705ee/go.mod h1:QqPTAvyqsEbceGzBzNggFXnrqF1CaUcvgkdR5Ot7KZg=
golang.org/x/mod v0.6.0-dev.0.20220419223038-86c51ed26bb4/go.mod h1:jJ57K6gSWd91VN4djpZkiMVwK6gcyfeH4XE8wZrZaV4=
golang.org/x/mod v0.36.0 h1:JJjpVx6myfUsUdAzZuOSTTmRE0PfZeNWzzvKrP7amb4=
golang.org/x/mod v0.36.0/go.mod h1:moc6ELqsWcOw5Ef3xVprK5ul/MvtVvkIXLziUOICjUQ=
golang.org/x/net v0.0.0-20190404232315-eb5bcb51f2a3/go.mod h1:t9HGtf8HONx5eT2rtn7q6eTqICYqUVnKs3thJo3Qplg=
golang.org/x/net v0.0.0-20190620200207-3b0461eec859/go.mod h1:z5CRVTTTmAJ677TzLLGU+0bjPO0LkuOLi4/5GtJWs/s=
golang.org/x/net v0.0.0-20190923162816-aa69164e4478/go.mod h1:z5CRVTTTmAJ677TzLLGU+0bjPO0LkuOLi4/5GtJWs/s=
golang.org/x/net v0.0.0-20200114155413-6afb5195e5aa/go.mod h1:z5CRVTTTmAJ677TzLLGU+0bjPO0LkuOLi4/5GtJWs/s=
golang.org/x/net v0.0.0-20210226172049-e18ecbb05110/go.mod h1:m0MpNAwzfU5UDzcl9v0D8zg8gWTRqZa9RBIspLL5mdg=
golang.org/x/net v0.0.0-20220722155237-a158d28d115b/go.mod h1:XRhObCWvk6IyKnWLug+ECip1KBveYUHfp+8e9klMJ9c=
golang.org/x/net v0.55.0 h1:bcvxaJn3e1U6InsFWt1JUq1aSjnRxLzT2rtD2KfkDF8=
golang.org/x/net v0.55.0/go.mod h1:L5U2KuzuOe1lY7Z+aWVIKK6qEeJXnXV9yzGA+WCHJww=
golang.org/x/oauth2 v0.34.0/go.mod h1:lzm5WQJQwKZ3nwavOZ3IS5Aulzxi68dUSgRHujetwEA=
golang.org/x/sync v0.0.0-20190423024810-112230192c58/go.mod h1:RxMgew5VJxzue5/jJTE5uejpjVlOe/izrB70Jof72aM=
golang.org/x/sync v0.0.0-20220722155255-886fb9371eb4/go.mod h1:RxMgew5VJxzue5/jJTE5uejpjVlOe/izrB70Jof72aM=
golang.org/x/sync v0.20.0 h1:e0PTpb7pjO8GAtTs2dQ6jYa5BWYlMuX047Dco/pItO4=
golang.org/x/sync v0.20.0/go.mod h1:9xrNwdLfx4jkKbNva9FpL6vEN7evnE43NNNJQ2LF3+0=
golang.org/x/sys v0.0.0-20190215142949-d0b11bdaac8a/go.mod h1:STP8DvDyc/dI5b8T5hshtkjS+E42TnysNCUPdjciGhY=
golang.org/x/sys v0.0.0-20190412213103-97732733099d/go.mod h1:h1NjWce9XRLGQEsW7wpKNCjG9DtNlClVuFLEZdDNbEs=
golang.org/x/sys v0.0.0-20190924154521-2837fb4f24fe/go.mod h1:h1NjWce9XRLGQEsW7wpKNCjG9DtNlClVuFLEZdDNbEs=
golang.org/x/sys v0.0.0-20201119102817-f84b799fce68/go.mod h1:h1NjWce9XRLGQEsW7wpKNCjG9DtNlClVuFLEZdDNbEs=
golang.org/x/sys v0.0.0-20210615035016-665e8c7367d1/go.mod h1:oPkhp1MJrh7nUepCBck5+mAzfO9JrbApNNgaTdGDITg=
golang.org/x/sys v0.0.0-20220520151302-bc2c85ada10a/go.mod h1:oPkhp1MJrh7nUepCBck5+mAzfO9JrbApNNgaTdGDITg=
golang.org/x/sys v0.0.0-20220715151400-c0bba94af5f8/go.mod h1:oPkhp1MJrh7nUepCBck5+mAzfO9JrbApNNgaTdGDITg=
golang.org/x/sys v0.0.0-20220722155257-8c9f86f7a55f/go.mod h1:oPkhp1MJrh7nUepCBck5+mAzfO9JrbApNNgaTdGDITg=
golang.org/x/sys v0.45.0 h1:dO4czNzziLiiXplLQgBCEpCvXQ3dnkn0SdaZSYdQ+FY=
golang.org/x/sys v0.45.0/go.mod h1:4GL1E5IUh+htKOUEOaiffhrAeqysfVGipDYzABqnCmw=
golang.org/x/telemetry v0.0.0-20260508192327-42602be52be6/go.mod h1:Eqhaxk/wZsWEH8CRxLwj6xzEJbz7k1EFGqx7nyCoabE=
golang.org/x/term v0.0.0-20201126162022-7de9c90e9dd1/go.mod h1:bj7SfCRtBDWHUb9snDiAeCFNEtKQo2Wmx5Cou7ajbmo=
golang.org/x/term v0.0.0-20210927222741-03fcf44c2211/go.mod h1:jbD1KX2456YbFQfuXm/mYQcufACuNUgVhRMnK/tPxf8=
golang.org/x/term v0.43.0 h1:S4RLU2sB31O/NCl+zFN9Aru9A/Cq2aqKpTZJ6B+DwT4=
golang.org/x/term v0.43.0/go.mod h1:lrhlHNdQJHO+1qVYiHfFKVuVioJIheAc3fBSMFYEIsk=
golang.org/x/text v0.3.0/go.mod h1:NqM8EUOU14njkJ3fqMW+pc6Ldnwhi/IjpwHt7yyuwOQ=
golang.org/x/text v0.3.3/go.mod h1:5Zoc/QRtKVWzQhOtBMvqHzDpF6irO9z98xDceosuGiQ=
golang.org/x/text v0.3.7/go.mod h1:u+2+/6zg+i71rQMx5EYifcz6MCKuco9NR6JIITiCfzQ=
golang.org/x/text v0.3.8/go.mod h1:E6s5w1FMmriuDzIBO73fBruAKo1PCIq6d2Q6DHfQ8WQ=
golang.org/x/text v0.37.0 h1:Cqjiwd9eSg8e0QAkyCaQTNHFIIzWtidPahFWR83rTrc=
golang.org/x/text v0.37.0/go.mod h1:a5sjxXGs9hsn/AJVwuElvCAo9v8QYLzvavO5z2PiM38=
golang.org/x/time v0.5.0/go.mod h1:3BpzKBy/shNhVucY/MWOyx10tF3SFh9QdLuxbVysPQM=
golang.org/x/tools v0.0.0-20180917221912-90fa682c2a6e/go.mod h1:n7NCudcB/nEzxVGmLbDWY5pfWTLqBcC2KZ6jyYvM4mQ=
golang.org/x/tools v0.0.0-20191119224855-298f0cb1881e/go.mod h1:b+2E5dAYhXwXZwtnZ6UAqBI28+e2cm9otk0dWdXHAEo=
golang.org/x/tools v0.0.0-20191216052735-49a3e744a425/go.mod h1:TB2adYChydJhpapKDTa4BR/hXlZSLoq2Wpct/0txZ28=
golang.org/x/tools v0.1.12/go.mod h1:hNGJHUnrk76NpqgfD5Aqm5Crs+Hm0VOH/i9J2+nxYbc=
golang.org/x/tools v0.45.0 h1:18qN3FAooORvApf5XjCXgsuayZOEtXf6JK18I3+ONa8=
golang.org/x/tools v0.45.0/go.mod h1:LuUGqqaXcXMEFEruIVJVm5mgDD8vww/z/SR1gQ4uE/0=
golang.org/x/xerrors v0.0.0-20190717185122-a985d3407aa7/go.mod h1:I/5z698sn9Ka8TeJc9MKroUUfqBBauWjQqLJ2OPfmY0=
golang.org/x/xerrors v0.0.0-20191011141410-1b5146add898/go.mod h1:I/5z698sn9Ka8TeJc9MKroUUfqBBauWjQqLJ2OPfmY0=
golang.org/x/xerrors v0.0.0-20220411194840-2f41105eb62f/go.mod h1:I/5z698sn9Ka8TeJc9MKroUUfqBBauWjQqLJ2OPfmY0=
gonum.org/v1/gonum v0.17.0/go.mod h1:El3tOrEuMpv2UdMrbNlKEh9vd86bmQ6vqIcDwxEOc1E=
google.golang.org/protobuf v1.36.11 h1:fV6ZwhNocDyBLK0dj+fg8ektcVegBBuEolpbTQyBNVE=
google.golang.org/protobuf v1.36.11/go.mod h1:HTf+CrKn2C3g5S8VImy6tdcUvCska2kB7j23XfzDpco=
gopkg.in/check.v1 v0.0.0-20161208181325-20d25e280405/go.mod h1:Co6ibVJAznAaIkqp8huTwlJQCZ016jof/cbN4VW5Yz0=
gopkg.in/check.v1 v1.0.0-20201130134442-10cb98267c6c h1:Hei/4ADfdWqJk1ZMxUNpqntNwaWcugrBjAiHlqqRiVk=
gopkg.in/check.v1 v1.0.0-20201130134442-10cb98267c6c/go.mod h1:JHkPIbrfpd72SG/EVd6muEfDQjcINNoR0C8j2r3qZ4Q=
gopkg.in/ini.v1 v1.67.0/go.mod h1:pNLf8WUiyNEtQjuu5G5vTm06TEv9tsIgeAvK8hOrP4k=
gopkg.in/natefinch/lumberjack.v2 v2.2.1 h1:bBRl1b0OH9s/DuPhuXpNl+VtCaJXFZ5/uEFST95x9zc=
gopkg.in/natefinch/lumberjack.v2 v2.2.1/go.mod h1:YD8tP3GAjkrDg1eZH7EGmyESg/lsYskCTPBJVb9jqSc=
gopkg.in/yaml.v3 v3.0.0-20200313102051-9f266ea9e77c/go.mod h1:K4uyk7z7BCEPqu6E+C64Yfv1cQ7kz7rIZviUmN+EgEM=
gopkg.in/yaml.v3 v3.0.1 h1:fxVm/GzAzEWqLHuvctI91KS9hhNmmWOoWu0XTYJS7CA=
gopkg.in/yaml.v3 v3.0.1/go.mod h1:K4uyk7z7BCEPqu6E+C64Yfv1cQ7kz7rIZviUmN+EgEM=
